
Microsoft Visual Studio Solution File, Format Version 12.00
# Visual Studio 15
VisualStudioVersion = 15.0.26430.14
MinimumVisualStudioVersion = 10.0.40219.1
Project("{9A19103F-16F7-4668-BE54-9A1E7A4F7556}") = "Web", "Web\Web.csproj", "{461330DD-0A67-4FB5-95E3-ECBEEF6C51BC}"
EndProject
Project("{9A19103F-16F7-4668-BE54-9A1E7A4F7556}") = "Core", "Core\Core.csproj", "{91C59919-99AC-464F-86FA-7ACF545E678D}"
EndProject
Project("{9A19103F-16F7-4668-BE54-9A1E7A4F7556}") = "Repositories", "Repositories\Repositories.csproj", "{477086FE-2D07-487D-A3D6-3DEFBA599FA8}"
EndProject
Project("{9A19103F-16F7-4668-BE54-9A1E7A4F7556}") = "Services", "Services\Services.csproj", "{B72DBD88-50E2-4F88-92CF-E80A9BDFF2E5}"
EndProject
Project("{9A19103F-16F7-4668-BE54-9A1E7A4F7556}") = "Jobs", "Jobs\Jobs.csproj", "{5C0ACC84-5877-4F10-AD7C-346367805B96}"
EndProject
Project("{9A19103F-16F7-4668-BE54-9A1E7A4F7556}") = "InitialParser", "InitialParser\InitialParser.csproj", "{022755D6-A4BA-4A17-8D84-7741865D03D4}"
EndProject
Project("{9A19103F-16F7-4668-BE54-9A1E7A4F7556}") = "InitialParser.SetSpendable", "InitialParser.SetSpendable\InitialParser.SetSpendable.csproj", "{15A5972C-E509-48F8-B4E6-2E9173459F77}"
EndProject
Project("{9A19103F-16F7-4668-BE54-9A1E7A4F7556}") = "InitialParse.CheckNotFound", "InitialParse.CheckNotFound\InitialParse.CheckNotFound.csproj", "{B13A0197-C8CD-4334-B422-CD7B84995CE8}"
EndProject
Global
	GlobalSection(SolutionConfigurationPlatforms) = preSolution
		Debug|Any CPU = Debug|Any CPU
		Release|Any CPU = Release|Any CPU
	EndGlobalSection
	GlobalSection(ProjectConfigurationPlatforms) = postSolution
		{461330DD-0A67-4FB5-95E3-ECBEEF6C51BC}.Debug|Any CPU.ActiveCfg = Debug|Any CPU
		{461330DD-0A67-4FB5-95E3-ECBEEF6C51BC}.Debug|Any CPU.Build.0 = Debug|Any CPU
		{461330DD-0A67-4FB5-95E3-ECBEEF6C51BC}.Release|Any CPU.ActiveCfg = Release|Any CPU
		{461330DD-0A67-4FB5-95E3-ECBEEF6C51BC}.Release|Any CPU.Build.0 = Release|Any CPU
		{91C59919-99AC-464F-86FA-7ACF545E678D}.Debug|Any CPU.ActiveCfg = Debug|Any CPU
		{91C59919-99AC-464F-86FA-7ACF545E678D}.Debug|Any CPU.Build.0 = Debug|Any CPU
		{91C59919-99AC-464F-86FA-7ACF545E678D}.Release|Any CPU.ActiveCfg = Release|Any CPU
		{91C59919-99AC-464F-86FA-7ACF545E678D}.Release|Any CPU.Build.0 = Release|Any CPU
		{477086FE-2D07-487D-A3D6-3DEFBA599FA8}.Debug|Any CPU.ActiveCfg = Debug|Any CPU
		{477086FE-2D07-487D-A3D6-3DEFBA599FA8}.Debug|Any CPU.Build.0 = Debug|Any CPU
		{477086FE-2D07-487D-A3D6-3DEFBA599FA8}.Release|Any CPU.ActiveCfg = Release|Any CPU
		{477086FE-2D07-487D-A3D6-3DEFBA599FA8}.Release|Any CPU.Build.0 = Release|Any CPU
		{B72DBD88-50E2-4F88-92CF-E80A9BDFF2E5}.Debug|Any CPU.ActiveCfg = Debug|Any CPU
		{B72DBD88-50E2-4F88-92CF-E80A9BDFF2E5}.Debug|Any CPU.Build.0 = Debug|Any CPU
		{B72DBD88-50E2-4F88-92CF-E80A9BDFF2E5}.Release|Any CPU.ActiveCfg = Release|Any CPU
		{B72DBD88-50E2-4F88-92CF-E80A9BDFF2E5}.Release|Any CPU.Build.0 = Release|Any CPU
		{5C0ACC84-5877-4F10-AD7C-346367805B96}.Debug|Any CPU.ActiveCfg = Debug|Any CPU
		{5C0ACC84-5877-4F10-AD7C-346367805B96}.Debug|Any CPU.Build.0 = Debug|Any CPU
		{5C0ACC84-5877-4F10-AD7C-346367805B96}.Release|Any CPU.ActiveCfg = Release|Any CPU
		{5C0ACC84-5877-4F10-AD7C-346367805B96}.Release|Any CPU.Build.0 = Release|Any CPU
		{022755D6-A4BA-4A17-8D84-7741865D03D4}.Debug|Any CPU.ActiveCfg = Debug|Any CPU
		{022755D6-A4BA-4A17-8D84-7741865D03D4}.Debug|Any CPU.Build.0 = Debug|Any CPU
		{022755D6-A4BA-4A17-8D84-7741865D03D4}.Release|Any CPU.ActiveCfg = Release|Any CPU
		{022755D6-A4BA-4A17-8D84-7741865D03D4}.Release|Any CPU.Build.0 = Release|Any CPU
		{15A5972C-E509-48F8-B4E6-2E9173459F77}.Debug|Any CPU.ActiveCfg = Debug|Any CPU
		{15A5972C-E509-48F8-B4E6-2E9173459F77}.Debug|Any CPU.Build.0 = Debug|Any CPU
		{15A5972C-E509-48F8-B4E6-2E9173459F77}.Release|Any CPU.ActiveCfg = Release|Any CPU
		{15A5972C-E509-48F8-B4E6-2E9173459F77}.Release|Any CPU.Build.0 = Release|Any CPU
		{B13A0197-C8CD-4334-B422-CD7B84995CE8}.Debug|Any CPU.ActiveCfg = Debug|Any CPU
		{B13A0197-C8CD-4334-B422-CD7B84995CE8}.Debug|Any CPU.Build.0 = Debug|Any CPU
		{B13A0197-C8CD-4334-B422-CD7B84995CE8}.Release|Any CPU.ActiveCfg = Release|Any CPU
		{B13A0197-C8CD-4334-B422-CD7B84995CE8}.Release|Any CPU.Build.0 = Release|Any CPU
	EndGlobalSection
	GlobalSection(SolutionProperties) = preSolution
		HideSolutionNode = FALSE
	EndGlobalSection
EndGlobal
